# THIS IS AN AUTOGENERATED FILE. DO NOT EDIT THIS FILE DIRECTLY.
# yarn lockfile v1


"@mach-34/noir-bignum-paramgen@^1.0.2":
  version "1.0.2"
  resolved "https://registry.yarnpkg.com/@mach-34/noir-bignum-paramgen/-/noir-bignum-paramgen-1.0.2.tgz#9928bd1bc97ed67df654eda836a04ee9640a4761"
  integrity sha512-80+8KcYR4RNxgYGBaJkZlmSDLUJcj0QIpKWUCUrShjqIQh4LGKi/dgf6JdziEzDVxKr4AkmCkA7pdwLcsD5xag==

"@noir-lang/acvm_js@0.52.0":
  version "0.52.0"
  resolved "https://registry.yarnpkg.com/@noir-lang/acvm_js/-/acvm_js-0.52.0.tgz#7e028c1a1fdc01e37333e9e04bc2cf147db9448c"
  integrity sha512-QEREOIbq+jK/Bqs9jk0+XAS/KYmQX7lBEUYhdFMxkNIQf3hDQ3hr9PcelOWQtoxiDn6IJ2sr7t7yeZFdRqCvhg==

"@noir-lang/noir_js@=0.36.0":
  version "0.36.0"
  resolved "https://registry.yarnpkg.com/@noir-lang/noir_js/-/noir_js-0.36.0.tgz#63ef02cb8635a8edf6b32243aefcb7fdd4c3ce46"
  integrity sha512-qMAfqkcWfERxS1IOeAjTssZGVolNLVIQhHI/Ers7iIx3tZYhejHRe30cMFdhgdJ9nfpqJea+TvlsKLsXbEBMfw==
  dependencies:
    "@noir-lang/acvm_js" "0.52.0"
    "@noir-lang/noirc_abi" "0.36.0"
    "@noir-lang/types" "0.36.0"

"@noir-lang/noirc_abi@0.36.0":
  version "0.36.0"
  resolved "https://registry.yarnpkg.com/@noir-lang/noirc_abi/-/noirc_abi-0.36.0.tgz#b4bb93897f2ce90e951000139810dc726206e234"
  integrity sha512-xRs13RQArV+m4ehkWpbAB/67z7WBfB/EgFJTJtd2/QMdtJSDWJ+8zcf5oOjX+YpDt38c9qY9d/SRdIzws34m3w==
  dependencies:
    "@noir-lang/types" "0.36.0"

"@noir-lang/types@0.36.0":
  version "0.36.0"
  resolved "https://registry.yarnpkg.com/@noir-lang/types/-/types-0.36.0.tgz#695f7ae552caf2d9033bdf6964d2d5ba6ac5db39"
  integrity sha512-3A/yJtnbTsn0o3T/D3YPs5b0vPOxYwos6Y5Ko6NhZsE6V31rYPv2a2NYmbfJRYuriwwzFbdE8+ui3UiV5BmvWw==
