# THIS IS AN AUTOGENERATED FILE. DO NOT EDIT THIS FILE DIRECTLY.
# yarn lockfile v1


"@mach-34/noir-bignum-paramgen@^1.0.2":
  version "1.0.2"
  resolved "https://registry.yarnpkg.com/@mach-34/noir-bignum-paramgen/-/noir-bignum-paramgen-1.0.2.tgz#9928bd1bc97ed67df654eda836a04ee9640a4761"
  integrity sha512-80+8KcYR4RNxgYGBaJkZlmSDLUJcj0QIpKWUCUrShjqIQh4LGKi/dgf6JdziEzDVxKr4AkmCkA7pdwLcsD5xag==
